
Microsoft Visual Studio Solution File, Format Version 12.00
# Visual Studio 15
VisualStudioVersion = 15.0.28010.2046
MinimumVisualStudioVersion = 10.0.40219.1
Project("{9A19103F-16F7-4668-BE54-9A1E7A4F7556}") = "CompanyAndEmployeeManagment.App", "CompanyAndEmployeeManagment.App\CompanyAndEmployeeManagment.App.csproj", "{F0F65A75-1608-4CA5-8B56-385699C8531F}"
EndProject
Project("{9A19103F-16F7-4668-BE54-9A1E7A4F7556}") = "CompanyAndEmployeeManagment.Data", "CompanyAndEmployeeManagment.Data\CompanyAndEmployeeManagment.Data.csproj", "{3015D118-147A-45B1-9827-4AA82C624EBF}"
EndProject
Project("{9A19103F-16F7-4668-BE54-9A1E7A4F7556}") = "CompanyAndEmployeeManagment.Models", "CompanyAndEmployeeManagment.Models\CompanyAndEmployeeManagment.Models.csproj", "{50574BBA-A11E-40AC-BC07-AA50D6F9F00B}"
EndProject
Project("{9A19103F-16F7-4668-BE54-9A1E7A4F7556}") = "CompanyAndEmployeeManagment.Services", "CompanyAndEmployeeManagment.Services\CompanyAndEmployeeManagment.Services.csproj", "{02A9A817-72EA-4F17-BDD7-29D72DFFD5B5}"
EndProject
Project("{FAE04EC0-301F-11D3-BF4B-00C04F79EFBC}") = "CompanyAndEmployeeManagment.Common", "CompanyAndEmployeeManagment.Common\CompanyAndEmployeeManagment.Common.csproj", "{C4C5CB0D-6B3D-47EE-A806-B26D811DCAEA}"
EndProject
Project("{FAE04EC0-301F-11D3-BF4B-00C04F79EFBC}") = "CompanyAndEmployeeManagment.Tests", "CompanyAndEmployeeManagment.Tests\CompanyAndEmployeeManagment.Tests.csproj", "{57DF1193-F4B8-452B-AA2F-05BA521C2BA5}"
EndProject
Global
	GlobalSection(SolutionConfigurationPlatforms) = preSolution
		Debug|Any CPU = Debug|Any CPU
		Release|Any CPU = Release|Any CPU
	EndGlobalSection
	GlobalSection(ProjectConfigurationPlatforms) = postSolution
		{F0F65A75-1608-4CA5-8B56-385699C8531F}.Debug|Any CPU.ActiveCfg = Debug|Any CPU
		{F0F65A75-1608-4CA5-8B56-385699C8531F}.Debug|Any CPU.Build.0 = Debug|Any CPU
		{F0F65A75-1608-4CA5-8B56-385699C8531F}.Release|Any CPU.ActiveCfg = Release|Any CPU
		{F0F65A75-1608-4CA5-8B56-385699C8531F}.Release|Any CPU.Build.0 = Release|Any CPU
		{3015D118-147A-45B1-9827-4AA82C624EBF}.Debug|Any CPU.ActiveCfg = Debug|Any CPU
		{3015D118-147A-45B1-9827-4AA82C624EBF}.Debug|Any CPU.Build.0 = Debug|Any CPU
		{3015D118-147A-45B1-9827-4AA82C624EBF}.Release|Any CPU.ActiveCfg = Release|Any CPU
		{3015D118-147A-45B1-9827-4AA82C624EBF}.Release|Any CPU.Build.0 = Release|Any CPU
		{50574BBA-A11E-40AC-BC07-AA50D6F9F00B}.Debug|Any CPU.ActiveCfg = Debug|Any CPU
		{50574BBA-A11E-40AC-BC07-AA50D6F9F00B}.Debug|Any CPU.Build.0 = Debug|Any CPU
		{50574BBA-A11E-40AC-BC07-AA50D6F9F00B}.Release|Any CPU.ActiveCfg = Release|Any CPU
		{50574BBA-A11E-40AC-BC07-AA50D6F9F00B}.Release|Any CPU.Build.0 = Release|Any CPU
		{02A9A817-72EA-4F17-BDD7-29D72DFFD5B5}.Debug|Any CPU.ActiveCfg = Debug|Any CPU
		{02A9A817-72EA-4F17-BDD7-29D72DFFD5B5}.Debug|Any CPU.Build.0 = Debug|Any CPU
		{02A9A817-72EA-4F17-BDD7-29D72DFFD5B5}.Release|Any CPU.ActiveCfg = Release|Any CPU
		{02A9A817-72EA-4F17-BDD7-29D72DFFD5B5}.Release|Any CPU.Build.0 = Release|Any CPU
		{C4C5CB0D-6B3D-47EE-A806-B26D811DCAEA}.Debug|Any CPU.ActiveCfg = Debug|Any CPU
		{C4C5CB0D-6B3D-47EE-A806-B26D811DCAEA}.Debug|Any CPU.Build.0 = Debug|Any CPU
		{C4C5CB0D-6B3D-47EE-A806-B26D811DCAEA}.Release|Any CPU.ActiveCfg = Release|Any CPU
		{C4C5CB0D-6B3D-47EE-A806-B26D811DCAEA}.Release|Any CPU.Build.0 = Release|Any CPU
		{57DF1193-F4B8-452B-AA2F-05BA521C2BA5}.Debug|Any CPU.ActiveCfg = Debug|Any CPU
		{57DF1193-F4B8-452B-AA2F-05BA521C2BA5}.Debug|Any CPU.Build.0 = Debug|Any CPU
		{57DF1193-F4B8-452B-AA2F-05BA521C2BA5}.Release|Any CPU.ActiveCfg = Release|Any CPU
		{57DF1193-F4B8-452B-AA2F-05BA521C2BA5}.Release|Any CPU.Build.0 = Release|Any CPU
	EndGlobalSection
	GlobalSection(SolutionProperties) = preSolution
		HideSolutionNode = FALSE
	EndGlobalSection
	GlobalSection(ExtensibilityGlobals) = postSolution
		SolutionGuid = {9D0E3FD8-D00C-4981-A629-5233847A7743}
	EndGlobalSection
EndGlobal
